{
  "name": "@folio/organization",
  "version": "2.2.0",
  "lockfileVersion": 1,
  "requires": true,
  "dependencies": {
    "iana-tz-data": {
      "version": "2017.1.0",
      "resolved": "https://registry.npmjs.org/iana-tz-data/-/iana-tz-data-2017.1.0.tgz",
      "integrity": "sha1-HtpL+5oJKTSZRlBmNBdDJA4Q1+w="
    }
  }
}
